{
    "name": "examples",
    "lockfileVersion": 2,
    "requires": true,
    "packages": {
        "": {
            "dependencies": {
                "quick-progress-bar": "^0.1.1"
            }
        },
        "node_modules/quick-progress-bar": {
            "version": "0.1.1",
            "resolved": "https://registry.npmjs.org/quick-progress-bar/-/quick-progress-bar-0.1.1.tgz",
            "integrity": "sha512-iYqaBS+ms/qjml4EBpfHojPjEQp4+pqE/Of16AAkiHN15ar6Oj++KBdH39I+IHw+e/qbwtIvRcMOHcH0fc4LeA=="
        }
    },
    "dependencies": {
        "quick-progress-bar": {
            "version": "0.1.1",
            "resolved": "https://registry.npmjs.org/quick-progress-bar/-/quick-progress-bar-0.1.1.tgz",
            "integrity": "sha512-iYqaBS+ms/qjml4EBpfHojPjEQp4+pqE/Of16AAkiHN15ar6Oj++KBdH39I+IHw+e/qbwtIvRcMOHcH0fc4LeA=="
        }
    }
}
