{
  "name": "examples",
  "lockfileVersion": 2,
  "requires": true,
  "packages": {
    "": {
      "dependencies": {
        "simple-progress-bar": "^0.3.6"
      }
    },
    "node_modules/simple-progress-bar": {
      "version": "0.3.6",
      "resolved": "https://registry.npmjs.org/simple-progress-bar/-/simple-progress-bar-0.3.6.tgz",
      "integrity": "sha1-C/+wMFYVUMCS0vZ1eRzFxJ75f7Q="
    }
  },
  "dependencies": {
    "simple-progress-bar": {
      "version": "0.3.6",
      "resolved": "https://registry.npmjs.org/simple-progress-bar/-/simple-progress-bar-0.3.6.tgz",
      "integrity": "sha1-C/+wMFYVUMCS0vZ1eRzFxJ75f7Q="
    }
  }
}
